
Microsoft Visual Studio Solution File, Format Version 12.00
# Visual Studio Version 16
VisualStudioVersion = 16.0.30523.141
MinimumVisualStudioVersion = 10.0.40219.1
Project("{FAE04EC0-301F-11D3-BF4B-00C04F79EFBC}") = "BrandonMorgadoInventoryManagementSystem", "BrandonMorgadoInventoryManagementSystem\BrandonMorgadoInventoryManagementSystem.csproj", "{A00FC160-3BFB-43E8-A7E7-977FCA1A2DD0}"
EndProject
Global
	GlobalSection(SolutionConfigurationPlatforms) = preSolution
		Debug|Any CPU = Debug|Any CPU
		Release|Any CPU = Release|Any CPU
	EndGlobalSection
	GlobalSection(ProjectConfigurationPlatforms) = postSolution
		{A00FC160-3BFB-43E8-A7E7-977FCA1A2DD0}.Debug|Any CPU.ActiveCfg = Debug|Any CPU
		{A00FC160-3BFB-43E8-A7E7-977FCA1A2DD0}.Debug|Any CPU.Build.0 = Debug|Any CPU
		{A00FC160-3BFB-43E8-A7E7-977FCA1A2DD0}.Release|Any CPU.ActiveCfg = Release|Any CPU
		{A00FC160-3BFB-43E8-A7E7-977FCA1A2DD0}.Release|Any CPU.Build.0 = Release|Any CPU
	EndGlobalSection
	GlobalSection(SolutionProperties) = preSolution
		HideSolutionNode = FALSE
	EndGlobalSection
	GlobalSection(ExtensibilityGlobals) = postSolution
		SolutionGuid = {39B518F4-81D8-4E87-B1F1-ECE250BCC4DC}
	EndGlobalSection
EndGlobal
